
Microsoft Visual Studio Solution File, Format Version 12.00
# Visual Studio Version 17
VisualStudioVersion = 17.7.34024.191
MinimumVisualStudioVersion = 10.0.40219.1
Project("{FAE04EC0-301F-11D3-BF4B-00C04F79EFBC}") = "Nosacijuma_operatori_4-1", "Nosacijuma_operatori_4-1\Nosacijuma_operatori_4-1.csproj", "{F100F690-4050-419B-84D4-510E1BD86939}"
EndProject
Global
	GlobalSection(SolutionConfigurationPlatforms) = preSolution
		Debug|Any CPU = Debug|Any CPU
		Release|Any CPU = Release|Any CPU
	EndGlobalSection
	GlobalSection(ProjectConfigurationPlatforms) = postSolution
		{F100F690-4050-419B-84D4-510E1BD86939}.Debug|Any CPU.ActiveCfg = Debug|Any CPU
		{F100F690-4050-419B-84D4-510E1BD86939}.Debug|Any CPU.Build.0 = Debug|Any CPU
		{F100F690-4050-419B-84D4-510E1BD86939}.Release|Any CPU.ActiveCfg = Release|Any CPU
		{F100F690-4050-419B-84D4-510E1BD86939}.Release|Any CPU.Build.0 = Release|Any CPU
	EndGlobalSection
	GlobalSection(SolutionProperties) = preSolution
		HideSolutionNode = FALSE
	EndGlobalSection
	GlobalSection(ExtensibilityGlobals) = postSolution
		SolutionGuid = {9AB0281D-DDB8-4449-B02C-7D5E966A6585}
	EndGlobalSection
EndGlobal
